
Microsoft Visual Studio Solution File, Format Version 12.00
# Visual Studio Version 17
VisualStudioVersion = 17.6.33829.357
MinimumVisualStudioVersion = 10.0.40219.1
Project("{FAE04EC0-301F-11D3-BF4B-00C04F79EFBC}") = "StringImmutable", "StringImmutable.csproj", "{9ADA07AC-0DD8-4DC6-9FEC-8DD7F3D97D71}"
EndProject
Global
	GlobalSection(SolutionConfigurationPlatforms) = preSolution
		Debug|Any CPU = Debug|Any CPU
		Release|Any CPU = Release|Any CPU
	EndGlobalSection
	GlobalSection(ProjectConfigurationPlatforms) = postSolution
		{9ADA07AC-0DD8-4DC6-9FEC-8DD7F3D97D71}.Debug|Any CPU.ActiveCfg = Debug|Any CPU
		{9ADA07AC-0DD8-4DC6-9FEC-8DD7F3D97D71}.Debug|Any CPU.Build.0 = Debug|Any CPU
		{9ADA07AC-0DD8-4DC6-9FEC-8DD7F3D97D71}.Release|Any CPU.ActiveCfg = Release|Any CPU
		{9ADA07AC-0DD8-4DC6-9FEC-8DD7F3D97D71}.Release|Any CPU.Build.0 = Release|Any CPU
	EndGlobalSection
	GlobalSection(SolutionProperties) = preSolution
		HideSolutionNode = FALSE
	EndGlobalSection
	GlobalSection(ExtensibilityGlobals) = postSolution
		SolutionGuid = {19003250-3080-4DB1-80AB-B2347CFBF014}
	EndGlobalSection
EndGlobal
